{
  "object": {
    "pins": [
      {
        "package": "Bits",
        "repositoryURL": "https://github.com/OperatorFoundation/Bits.git",
        "state": {
          "branch": null,
          "revision": "4c972c977aa3aa5f78526fcc0c62a0484ec41284",
          "version": "1.0.2"
        }
      },
      {
        "package": "Datable",
        "repositoryURL": "https://github.com/OperatorFoundation/Datable.git",
        "state": {
          "branch": null,
          "revision": "04f4e5aee49d0f4d1d47d480f2fcbadf42aef6b1",
          "version": "2.0.0"
        }
      },
      {
        "package": "InternetProtocols",
        "repositoryURL": "https://github.com/OperatorFoundation/InternetProtocols.git",
        "state": {
          "branch": null,
          "revision": "c95fd70620aa3a76745a5fe4af7cea857bb9c98b",
          "version": "1.0.0"
        }
      },
      {
        "package": "Rethink",
        "repositoryURL": "https://github.com/OperatorFoundation/rethink-swift.git",
        "state": {
          "branch": null,
          "revision": "f8a2e7c7aa424066b8cc8b4aedd73edf180ef3d8",
          "version": "1.1.0"
        }
      },
      {
        "package": "Song",
        "repositoryURL": "https://github.com/OperatorFoundation/Song.git",
        "state": {
          "branch": null,
          "revision": "94105d5024b6aa515bac6136dbe29c08535ce60f",
          "version": "0.0.6"
        }
      },
      {
        "package": "swift-argument-parser",
        "repositoryURL": "https://github.com/apple/swift-argument-parser.git",
        "state": {
          "branch": null,
          "revision": "9f04d1ff1afbccd02279338a2c91e5f27c45e93a",
          "version": "0.0.5"
        }
      },
      {
        "package": "swift-ast",
        "repositoryURL": "https://github.com/yanagiba/swift-ast",
        "state": {
          "branch": null,
          "revision": "e8507d78b32dbd33ea5ea975bbbc82b7613870a1",
          "version": "0.19.9"
        }
      },
      {
        "package": "SwiftHexTools",
        "repositoryURL": "https://github.com/OperatorFoundation/SwiftHexTools",
        "state": {
          "branch": null,
          "revision": "f77314abd933e1a4a1c8c5c5ce1ba5d0cb39c81d",
          "version": "1.1.3"
        }
      },
      {
        "package": "SwiftPCAP",
        "repositoryURL": "https://github.com/OperatorFoundation/SwiftPCAP.git",
        "state": {
          "branch": null,
          "revision": "ab2c01f8ed833acd9776c72542797e757c968a5b",
          "version": "1.1.6"
        }
      },
      {
        "package": "SwiftQueue",
        "repositoryURL": "https://github.com/OperatorFoundation/SwiftQueue.git",
        "state": {
          "branch": null,
          "revision": "0e5979acbb104516a427bb2bb09debc50ca100b4",
          "version": "0.0.3"
        }
      }
    ]
  },
  "version": 1
}
